# 출처: 「건설공사 품질관리 업무지침」 별표2 건설공사 품질시험기준(제8조제1항 관련)
#       3. 건축 > 가. 조적공사 > 경량기포콘크리트블록(KS F 2701)
# 원문 조문을 옮기지 않고 번호·항목명·요약만 적는다.
# KS 처리: 종별 괄호 안 KS 규격 제품은 별표2 끝 ※주석(PDF p.52)에 따라 시행령 제91조제1항 시험 제외 → ◎.
material: aac_block
label: 경량기포콘크리트블록
work: 조적공사
basis_version: "국토교통부고시 제2026-360호(2026-07-08 시행) 「건설공사 품질관리 업무지침」 별표2"
index_keys: [aac_block]
match:
  names: [경량기포콘크리트블록, ALC블록, 경량블록, ALC블럭, 경량기포블록]
  units: [ea, 개, 매, 천매, m3]          # ALC 블록은 ㎥ 단가로도 적는다. ㎡ 행은 쌓기 복합 단가가 많아 뺀다
  exclude: [패널, 쌓기, 운반, 하차]
unit_factors:                            # 합산 전 환산: 천매=1,000매(정의), 매·개=1개 → 빈도 단위(ea). ㎥ 는 블록 치수마다 달라 환산하지 않음
  천매: [ea, 1000]
  매: [ea, 1]
  개: [ea, 1]
ks_mark: true                            # 종별 괄호 (KS F 2701)
ks_count: none
order: 54
group_tests: true
group:
  frequency: "제품 1,000매당"
  basis: "별표2 3. 건축 가. 조적공사 경량기포콘크리트블록(KS F 2701) (PDF p.33); KS 제품은 별표2 ※주석(PDF p.52) — 시행령 제91조제1항 시험 제외"
tests:
  - test_type: 겉모양 및 치수
    method: "KS F 2701"
    where: 외부
    frequency: {per_qty: 1000, unit: ea, text: "제품 1,000매당", minimum: 1}
    basis: "별표2 3. 가. 경량기포콘크리트블록(KS F 2701) 겉모양 및 치수 (PDF p.33)"
    conditions: &aac "제품 1,000매당(네 시험 공통 병합 칸). KS 인증품은 ※주석(PDF p.52)으로 면제 → ◎. 내역 단위 천매·매·개는 unit_factors 로 개(ea)로 환산해 합산(천매=1,000매). 해석 필요: ㎥ 단위 내역은 블록 치수(규격)마다 ㎥당 매수가 달라 고정 계수로 환산하지 않는다 — ㎥ 행은 KS ◎ 에는 영향 없지만, 비KS 이면 매수로 바꿔 입력해야 횟수가 맞음."
  - test_type: 절건비중
    method: "KS F 2701"
    where: 외부
    frequency: {per_qty: 1000, unit: ea, text: "제품 1,000매당", minimum: 1}
    basis: "별표2 3. 가. 경량기포콘크리트블록(KS F 2701) 절건비중 (PDF p.33)"
    conditions: *aac
  - test_type: 압축강도
    method: "KS F 2701"
    where: 외부
    frequency: {per_qty: 1000, unit: ea, text: "제품 1,000매당", minimum: 1}
    basis: "별표2 3. 가. 경량기포콘크리트블록(KS F 2701) 압축강도 (PDF p.33)"
    conditions: *aac
  - test_type: 단열성 시험
    method: "KS F 2277"
    where: 외부
    frequency: {per_qty: 1000, unit: ea, text: "제품 1,000매당", minimum: 1}
    basis: "별표2 3. 가. 경량기포콘크리트블록(KS F 2701) 단열성 시험 (PDF p.33)"
    conditions: *aac
