# 출처: LHCS 10 40 00:2020 「시험」(2020-12-09 제정, 한국토지주택공사) 부록 「품질시험 및 검사기준」
#       국가건설기준센터(KCSC) 공개본. 공공데이터포털 「한국토지주택공사_전문시방서_20201209」 이용허락범위 제한 없음.
# 발주처(LH) 전용 규칙 — `--owner LH` 일 때만 켜진다. 별표2 규칙과 섞지 않는다.
# 원문 문장·표를 옮기지 않고 종별·시험종목·시험방법 번호·빈도 사실만 적는다.
# 참고: 디지털(전자식) 도어록은 부록에 종별 없음 — 제외
material: lh_door_lock
label: 도어로크(원통형·상자형)
work: 창호공사
owner: LH
basis_version: LHCS 10 40 00:2020(2020-12-09) 부록 「품질시험 및 검사기준」
extra_keys:
- door_hardware
match:
  names:
  - 도어로크
  - 도어록
  - 도어락
  - 원통형도어로크
  - 상자형도어로크
  - 실린더록
  exclude:
  - 디지털
  - 방화
  - 전자
  - 설치
  - 시공
  - 인건
  - 노무
  - 운반
  - 하차
  - 할증
  - 철거
ks_mark: true
ks_count: none
order: 72
group_tests: true
group:
  frequency: 제조회사별, 제품규격별
  basis: LHCS 10 40 00:2020 부록 「품질시험 및 검사기준」 Ⅱ.11 창호재 및 유리 원통형·상자형 도어로크; KS 표시자재는 LHCS 10 40 00 1.5.1(6)에 따라 시험 생략 가능(공종별 일반사항에 명시된 자재 제외)
tests:
- test_type: 연속개폐시험
  method: KS B 6411
  where: 외부
  frequency:
    per_qty: null
    unit: null
    text: 제조회사별, 제품규격별
    minimum: 1
  basis: LHCS 10 40 00:2020 부록 「품질시험 및 검사기준」 Ⅱ.11 창호재 및 유리 원통형·상자형 도어로크 연속개폐시험
  conditions: '시료: 약 40㎜ 두께 시험대(시험용 문)에 부착한 도어로크 3개'
- test_type: 손잡이 비틀림·인장·수직하중시험
  method: KS B 6411
  where: 외부
  frequency:
    per_qty: null
    unit: null
    text: 제조회사별, 제품규격별
    minimum: 1
  basis: LHCS 10 40 00:2020 부록 「품질시험 및 검사기준」 Ⅱ.11 창호재 및 유리 원통형·상자형 도어로크 손잡이 하중시험
  conditions: 비틀림은 원통형만(상자형은 인장·수직하중)
- test_type: 데드볼트 연속개폐시험
  method: KS B 6411
  where: 외부
  frequency:
    per_qty: null
    unit: null
    text: 제조회사별, 제품규격별
    minimum: 1
  basis: LHCS 10 40 00:2020 부록 「품질시험 및 검사기준」 Ⅱ.11 창호재 및 유리 상자형 도어로크 데드볼트 연속개폐시험
  conditions: 상자형 도어로크에 한함
